
Microsoft Visual Studio Solution File, Format Version 12.00
# Visual Studio Version 17
VisualStudioVersion = 17.13.35818.85 d17.13
MinimumVisualStudioVersion = 10.0.40219.1
Project("{FAE04EC0-301F-11D3-BF4B-00C04F79EFBC}") = "MyTreeView", "MyTreeView\MyTreeView.csproj", "{936BCDF7-4CE5-4EFA-9887-EBD87BB1F010}"
EndProject
Project("{FAE04EC0-301F-11D3-BF4B-00C04F79EFBC}") = "MyLib", "MyLib\MyLib.csproj", "{BACF87E5-5400-46DB-9C40-10B5968AD634}"
EndProject
Global
	GlobalSection(SolutionConfigurationPlatforms) = preSolution
		Debug|Any CPU = Debug|Any CPU
		Release|Any CPU = Release|Any CPU
	EndGlobalSection
	GlobalSection(ProjectConfigurationPlatforms) = postSolution
		{936BCDF7-4CE5-4EFA-9887-EBD87BB1F010}.Debug|Any CPU.ActiveCfg = Debug|Any CPU
		{936BCDF7-4CE5-4EFA-9887-EBD87BB1F010}.Debug|Any CPU.Build.0 = Debug|Any CPU
		{936BCDF7-4CE5-4EFA-9887-EBD87BB1F010}.Release|Any CPU.ActiveCfg = Release|Any CPU
		{936BCDF7-4CE5-4EFA-9887-EBD87BB1F010}.Release|Any CPU.Build.0 = Release|Any CPU
		{BACF87E5-5400-46DB-9C40-10B5968AD634}.Debug|Any CPU.ActiveCfg = Debug|Any CPU
		{BACF87E5-5400-46DB-9C40-10B5968AD634}.Debug|Any CPU.Build.0 = Debug|Any CPU
		{BACF87E5-5400-46DB-9C40-10B5968AD634}.Release|Any CPU.ActiveCfg = Release|Any CPU
		{BACF87E5-5400-46DB-9C40-10B5968AD634}.Release|Any CPU.Build.0 = Release|Any CPU
	EndGlobalSection
	GlobalSection(SolutionProperties) = preSolution
		HideSolutionNode = FALSE
	EndGlobalSection
	GlobalSection(ExtensibilityGlobals) = postSolution
		SolutionGuid = {86310FF4-9A18-4D4B-8ABB-D5712C76984D}
	EndGlobalSection
EndGlobal
