
Microsoft Visual Studio Solution File, Format Version 12.00
# Visual Studio Version 17
VisualStudioVersion = 17.13.35825.156 d17.13
MinimumVisualStudioVersion = 10.0.40219.1
Project("{FAE04EC0-301F-11D3-BF4B-00C04F79EFBC}") = "Veshi", "Veshi\Veshi.csproj", "{8481126A-5A05-4116-AB00-C95838A85B2E}"
EndProject
Global
	GlobalSection(SolutionConfigurationPlatforms) = preSolution
		Debug|Any CPU = Debug|Any CPU
		Release|Any CPU = Release|Any CPU
	EndGlobalSection
	GlobalSection(ProjectConfigurationPlatforms) = postSolution
		{8481126A-5A05-4116-AB00-C95838A85B2E}.Debug|Any CPU.ActiveCfg = Debug|Any CPU
		{8481126A-5A05-4116-AB00-C95838A85B2E}.Debug|Any CPU.Build.0 = Debug|Any CPU
		{8481126A-5A05-4116-AB00-C95838A85B2E}.Release|Any CPU.ActiveCfg = Release|Any CPU
		{8481126A-5A05-4116-AB00-C95838A85B2E}.Release|Any CPU.Build.0 = Release|Any CPU
	EndGlobalSection
	GlobalSection(SolutionProperties) = preSolution
		HideSolutionNode = FALSE
	EndGlobalSection
	GlobalSection(ExtensibilityGlobals) = postSolution
		SolutionGuid = {1988C40D-AC24-4481-A40F-376FFA5189CB}
	EndGlobalSection
EndGlobal
